// !$*UTF8*$!
{
	archiveVersion = 1;
	classes = {
	};
	objectVersion = 46;
	objects = {

/* Begin PBXBuildFile section */
		D90CCE4B1476C498006FC65B /* CookieCountCell.m in Sources */ = {isa = PBXBuildFile; fileRef = D90CCE4A1476C498006FC65B /* CookieCountCell.m */; };
		D924AC6815372D5B001F058C /* 1334001990_Gear.png in Resources */ = {isa = PBXBuildFile; fileRef = D924AC6715372D5B001F058C /* 1334001990_Gear.png */; };
		D94EC05016B3001E007FD7CA /* main.m in Sources */ = {isa = PBXBuildFile; fileRef = D9E37F3A1475D684001C711F /* main.m */; };
		D94EC05116B3001E007FD7CA /* AppDelegate.m in Sources */ = {isa = PBXBuildFile; fileRef = D9E37F3E1475D684001C711F /* AppDelegate.m */; };
		D94EC05216B3001E007FD7CA /* MainTableViewController.m in Sources */ = {isa = PBXBuildFile; fileRef = D9E37F551475D775001C711F /* MainTableViewController.m */; };
		D94EC05316B3001E007FD7CA /* CookieListDetailsViewController.m in Sources */ = {isa = PBXBuildFile; fileRef = D9E37F5C1475E2F5001C711F /* CookieListDetailsViewController.m */; };
		D94EC05416B3001E007FD7CA /* CookieListName.m in Sources */ = {isa = PBXBuildFile; fileRef = D9E37F631475EF97001C711F /* CookieListName.m */; };
		D94EC05516B3001E007FD7CA /* CookieCountViewController.m in Sources */ = {isa = PBXBuildFile; fileRef = D9F310BF1476984300689DC7 /* CookieCountViewController.m */; };
		D94EC05616B3001E007FD7CA /* GSCookie.m in Sources */ = {isa = PBXBuildFile; fileRef = D9F310C314769B1200689DC7 /* GSCookie.m */; };
		D94EC05716B3001E007FD7CA /* CookieCountCell.m in Sources */ = {isa = PBXBuildFile; fileRef = D90CCE4A1476C498006FC65B /* CookieCountCell.m */; };
		D94EC05816B3001E007FD7CA /* SettingsViewController.m in Sources */ = {isa = PBXBuildFile; fileRef = D9C9F2F814E5BFDE00BF3D5B /* SettingsViewController.m */; };
		D94EC05916B3001E007FD7CA /* GlobalSettings.m in Sources */ = {isa = PBXBuildFile; fileRef = D9AC1B4F14EEBF0D00B60452 /* GlobalSettings.m */; };
		D94EC05A16B3001E007FD7CA /* SettingsCookieTypesController.m in Sources */ = {isa = PBXBuildFile; fileRef = D9AC1B5214EECD8100B60452 /* SettingsCookieTypesController.m */; };
		D94EC05B16B3001E007FD7CA /* AddCookieTypeViewController.m in Sources */ = {isa = PBXBuildFile; fileRef = D9A4730014F58163004A2A08 /* AddCookieTypeViewController.m */; };
		D94EC05C16B3001E007FD7CA /* CookieListNotesViewController.m in Sources */ = {isa = PBXBuildFile; fileRef = D99DB21C14F82D530064412A /* CookieListNotesViewController.m */; };
		D94EC05D16B3001E007FD7CA /* AppData.m in Sources */ = {isa = PBXBuildFile; fileRef = D9DB62001507F89C00A6B3D4 /* AppData.m */; };
		D94EC05F16B3001E007FD7CA /* UIKit.framework in Frameworks */ = {isa = PBXBuildFile; fileRef = D9E37F2E1475D684001C711F /* UIKit.framework */; };
		D94EC06016B3001E007FD7CA /* Foundation.framework in Frameworks */ = {isa = PBXBuildFile; fileRef = D9E37F301475D684001C711F /* Foundation.framework */; };
		D94EC06116B3001E007FD7CA /* CoreGraphics.framework in Frameworks */ = {isa = PBXBuildFile; fileRef = D9E37F321475D684001C711F /* CoreGraphics.framework */; };
		D94EC06216B3001E007FD7CA /* MessageUI.framework in Frameworks */ = {isa = PBXBuildFile; fileRef = D9D0956F14853081006194B5 /* MessageUI.framework */; };
		D94EC06416B3001E007FD7CA /* InfoPlist.strings in Resources */ = {isa = PBXBuildFile; fileRef = D9E37F371475D684001C711F /* InfoPlist.strings */; };
		D94EC06516B3001E007FD7CA /* MainStoryboard.storyboard in Resources */ = {isa = PBXBuildFile; fileRef = D9E37F401475D684001C711F /* MainStoryboard.storyboard */; };
		D94EC06616B3001E007FD7CA /* ExampleData.plist in Resources */ = {isa = PBXBuildFile; fileRef = D9956895147BF5B200588439 /* ExampleData.plist */; };
		D94EC06716B3001E007FD7CA /* Icon-57.png in Resources */ = {isa = PBXBuildFile; fileRef = D9D95188150F99920048D80E /* Icon-57.png */; };
		D94EC06816B3001E007FD7CA /* Icon-114.png in Resources */ = {isa = PBXBuildFile; fileRef = D9D9518B150F999E0048D80E /* Icon-114.png */; };
		D94EC06916B3001E007FD7CA /* Icon-72.png in Resources */ = {isa = PBXBuildFile; fileRef = D9D95191150F99D60048D80E /* Icon-72.png */; };
		D94EC06A16B3001E007FD7CA /* 1334001990_Gear.png in Resources */ = {isa = PBXBuildFile; fileRef = D924AC6715372D5B001F058C /* 1334001990_Gear.png */; };
		D94EC06B16B3001E007FD7CA /* iPad-Icon-144.png in Resources */ = {isa = PBXBuildFile; fileRef = D97A596B1538610A00F4C144 /* iPad-Icon-144.png */; };
		D94EC06C16B3001E007FD7CA /* IMG_0424.png in Resources */ = {isa = PBXBuildFile; fileRef = D97DC70D15387F87005A0C5D /* IMG_0424.png */; };
		D94EC06D16B3001E007FD7CA /* LaunchScreen_320X480.png in Resources */ = {isa = PBXBuildFile; fileRef = D97E6C43153889B70070D8BB /* LaunchScreen_320X480.png */; };
		D94EC06E16B3001E007FD7CA /* iPad_LaunchImage_768X1004.png in Resources */ = {isa = PBXBuildFile; fileRef = D97E6C4715388B470070D8BB /* iPad_LaunchImage_768X1004.png */; };
		D94EC06F16B3001E007FD7CA /* Default-Portrait~ipad.png in Resources */ = {isa = PBXBuildFile; fileRef = D97E6C4915388B600070D8BB /* Default-Portrait~ipad.png */; };
		D94EC07016B3001E007FD7CA /* Default-Portrait@2x~ipad.png in Resources */ = {isa = PBXBuildFile; fileRef = D97E6C4D15388BEF0070D8BB /* Default-Portrait@2x~ipad.png */; };
		D94EC07116B3001E007FD7CA /* Default-Landscape~ipad.png in Resources */ = {isa = PBXBuildFile; fileRef = D97E6C5115388EE20070D8BB /* Default-Landscape~ipad.png */; };
		D94EC07216B3001E007FD7CA /* Default-Landscape@2x~ipad.png in Resources */ = {isa = PBXBuildFile; fileRef = D97E6C5815388FCC0070D8BB /* Default-Landscape@2x~ipad.png */; };
		D94EC07316B3001E007FD7CA /* Default.png in Resources */ = {isa = PBXBuildFile; fileRef = D97E6C45153889C10070D8BB /* Default.png */; };
		D94EC07416B3001E007FD7CA /* Default@2x.png in Resources */ = {isa = PBXBuildFile; fileRef = D9E52F4C15388371001B2714 /* Default@2x.png */; };
		D94EC07516B3001E007FD7CA /* Default-568h@2x.png in Resources */ = {isa = PBXBuildFile; fileRef = D9D3068A169F22C5009C30A6 /* Default-568h@2x.png */; };
		D94EC08016B300DB007FD7CA /* libMonkeyTalk-1.0.30.a in Frameworks */ = {isa = PBXBuildFile; fileRef = D94EC07F16B300DB007FD7CA /* libMonkeyTalk-1.0.30.a */; };
		D94EC08216B30138007FD7CA /* libsqlite3.dylib in Frameworks */ = {isa = PBXBuildFile; fileRef = D94EC08116B30138007FD7CA /* libsqlite3.dylib */; };
		D94EC08416B30144007FD7CA /* CFNetwork.framework in Frameworks */ = {isa = PBXBuildFile; fileRef = D94EC08316B30144007FD7CA /* CFNetwork.framework */; };
		D94EC08616B30156007FD7CA /* QuartzCore.framework in Frameworks */ = {isa = PBXBuildFile; fileRef = D94EC08516B30156007FD7CA /* QuartzCore.framework */; };
		D97A596C1538610A00F4C144 /* iPad-Icon-144.png in Resources */ = {isa = PBXBuildFile; fileRef = D97A596B1538610A00F4C144 /* iPad-Icon-144.png */; };
		D97DC70E15387F87005A0C5D /* IMG_0424.png in Resources */ = {isa = PBXBuildFile; fileRef = D97DC70D15387F87005A0C5D /* IMG_0424.png */; };
		D97E6C44153889B70070D8BB /* LaunchScreen_320X480.png in Resources */ = {isa = PBXBuildFile; fileRef = D97E6C43153889B70070D8BB /* LaunchScreen_320X480.png */; };
		D97E6C4815388B470070D8BB /* iPad_LaunchImage_768X1004.png in Resources */ = {isa = PBXBuildFile; fileRef = D97E6C4715388B470070D8BB /* iPad_LaunchImage_768X1004.png */; };
		D97E6C4A15388B600070D8BB /* Default-Portrait~ipad.png in Resources */ = {isa = PBXBuildFile; fileRef = D97E6C4915388B600070D8BB /* Default-Portrait~ipad.png */; };
		D97E6C4E15388BEF0070D8BB /* Default-Portrait@2x~ipad.png in Resources */ = {isa = PBXBuildFile; fileRef = D97E6C4D15388BEF0070D8BB /* Default-Portrait@2x~ipad.png */; };
		D97E6C5515388F640070D8BB /* Default-Landscape~ipad.png in Resources */ = {isa = PBXBuildFile; fileRef = D97E6C5115388EE20070D8BB /* Default-Landscape~ipad.png */; };
		D97E6C5915388FCC0070D8BB /* Default-Landscape@2x~ipad.png in Resources */ = {isa = PBXBuildFile; fileRef = D97E6C5815388FCC0070D8BB /* Default-Landscape@2x~ipad.png */; };
		D97E6C5A153890090070D8BB /* Default.png in Resources */ = {isa = PBXBuildFile; fileRef = D97E6C45153889C10070D8BB /* Default.png */; };
		D97E6C5B1538900C0070D8BB /* Default@2x.png in Resources */ = {isa = PBXBuildFile; fileRef = D9E52F4C15388371001B2714 /* Default@2x.png */; };
		D9956896147BF5B200588439 /* ExampleData.plist in Resources */ = {isa = PBXBuildFile; fileRef = D9956895147BF5B200588439 /* ExampleData.plist */; };
		D99DB21D14F82D530064412A /* CookieListNotesViewController.m in Sources */ = {isa = PBXBuildFile; fileRef = D99DB21C14F82D530064412A /* CookieListNotesViewController.m */; };
		D9A4730114F58163004A2A08 /* AddCookieTypeViewController.m in Sources */ = {isa = PBXBuildFile; fileRef = D9A4730014F58163004A2A08 /* AddCookieTypeViewController.m */; };
		D9AC1B5014EEBF0D00B60452 /* GlobalSettings.m in Sources */ = {isa = PBXBuildFile; fileRef = D9AC1B4F14EEBF0D00B60452 /* GlobalSettings.m */; };
		D9AC1B5314EECD8100B60452 /* SettingsCookieTypesController.m in Sources */ = {isa = PBXBuildFile; fileRef = D9AC1B5214EECD8100B60452 /* SettingsCookieTypesController.m */; };
		D9C9F2F914E5BFDE00BF3D5B /* SettingsViewController.m in Sources */ = {isa = PBXBuildFile; fileRef = D9C9F2F814E5BFDE00BF3D5B /* SettingsViewController.m */; };
		D9D0957014853081006194B5 /* MessageUI.framework in Frameworks */ = {isa = PBXBuildFile; fileRef = D9D0956F14853081006194B5 /* MessageUI.framework */; };
		D9D3068B169F22C5009C30A6 /* Default-568h@2x.png in Resources */ = {isa = PBXBuildFile; fileRef = D9D3068A169F22C5009C30A6 /* Default-568h@2x.png */; };
		D9D95189150F99920048D80E /* Icon-57.png in Resources */ = {isa = PBXBuildFile; fileRef = D9D95188150F99920048D80E /* Icon-57.png */; };
		D9D9518C150F999E0048D80E /* Icon-114.png in Resources */ = {isa = PBXBuildFile; fileRef = D9D9518B150F999E0048D80E /* Icon-114.png */; };
		D9D95192150F99D60048D80E /* Icon-72.png in Resources */ = {isa = PBXBuildFile; fileRef = D9D95191150F99D60048D80E /* Icon-72.png */; };
		D9DB62011507F89C00A6B3D4 /* AppData.m in Sources */ = {isa = PBXBuildFile; fileRef = D9DB62001507F89C00A6B3D4 /* AppData.m */; };
		D9E37F2F1475D684001C711F /* UIKit.framework in Frameworks */ = {isa = PBXBuildFile; fileRef = D9E37F2E1475D684001C711F /* UIKit.framework */; };
		D9E37F311475D684001C711F /* Foundation.framework in Frameworks */ = {isa = PBXBuildFile; fileRef = D9E37F301475D684001C711F /* Foundation.framework */; };
		D9E37F331475D684001C711F /* CoreGraphics.framework in Frameworks */ = {isa = PBXBuildFile; fileRef = D9E37F321475D684001C711F /* CoreGraphics.framework */; };
		D9E37F391475D684001C711F /* InfoPlist.strings in Resources */ = {isa = PBXBuildFile; fileRef = D9E37F371475D684001C711F /* InfoPlist.strings */; };
		D9E37F3B1475D684001C711F /* main.m in Sources */ = {isa = PBXBuildFile; fileRef = D9E37F3A1475D684001C711F /* main.m */; };
		D9E37F3F1475D684001C711F /* AppDelegate.m in Sources */ = {isa = PBXBuildFile; fileRef = D9E37F3E1475D684001C711F /* AppDelegate.m */; };
		D9E37F421475D684001C711F /* MainStoryboard.storyboard in Resources */ = {isa = PBXBuildFile; fileRef = D9E37F401475D684001C711F /* MainStoryboard.storyboard */; };
		D9E37F561475D775001C711F /* MainTableViewController.m in Sources */ = {isa = PBXBuildFile; fileRef = D9E37F551475D775001C711F /* MainTableViewController.m */; };
		D9E37F5D1475E2F5001C711F /* CookieListDetailsViewController.m in Sources */ = {isa = PBXBuildFile; fileRef = D9E37F5C1475E2F5001C711F /* CookieListDetailsViewController.m */; };
		D9E37F641475EF97001C711F /* CookieListName.m in Sources */ = {isa = PBXBuildFile; fileRef = D9E37F631475EF97001C711F /* CookieListName.m */; };
		D9F310C01476984300689DC7 /* CookieCountViewController.m in Sources */ = {isa = PBXBuildFile; fileRef = D9F310BF1476984300689DC7 /* CookieCountViewController.m */; };
		D9F310C414769B1200689DC7 /* GSCookie.m in Sources */ = {isa = PBXBuildFile; fileRef = D9F310C314769B1200689DC7 /* GSCookie.m */; };
/* End PBXBuildFile section */

/* Begin PBXFileReference section */
		D90CCE491476C498006FC65B /* CookieCountCell.h */ = {isa = PBXFileReference; fileEncoding = 4; lastKnownFileType = sourcecode.c.h; path = CookieCountCell.h; sourceTree = "<group>"; };
		D90CCE4A1476C498006FC65B /* CookieCountCell.m */ = {isa = PBXFileReference; fileEncoding = 4; lastKnownFileType = sourcecode.c.objc; path = CookieCountCell.m; sourceTree = "<group>"; };
		D924AC6715372D5B001F058C /* 1334001990_Gear.png */ = {isa = PBXFileReference; lastKnownFileType = image.png; path = 1334001990_Gear.png; sourceTree = "<group>"; };
		D94EC07B16B3001E007FD7CA /* CookieCounter copy.app */ = {isa = PBXFileReference; explicitFileType = wrapper.application; includeInIndex = 0; path = "CookieCounter copy.app"; sourceTree = BUILT_PRODUCTS_DIR; };
		D94EC07D16B3001E007FD7CA /* CookieCounter copy-Info.plist */ = {isa = PBXFileReference; lastKnownFileType = text.plist.xml; name = "CookieCounter copy-Info.plist"; path = "/Users/shelley/Projects/GSCookieCounterApp/CookieCounter/CookieCounter copy-Info.plist"; sourceTree = "<absolute>"; };
		D94EC07F16B300DB007FD7CA /* libMonkeyTalk-1.0.30.a */ = {isa = PBXFileReference; lastKnownFileType = archive.ar; path = "libMonkeyTalk-1.0.30.a"; sourceTree = "<group>"; };
		D94EC08116B30138007FD7CA /* libsqlite3.dylib */ = {isa = PBXFileReference; lastKnownFileType = "compiled.mach-o.dylib"; name = libsqlite3.dylib; path = usr/lib/libsqlite3.dylib; sourceTree = SDKROOT; };
		D94EC08316B30144007FD7CA /* CFNetwork.framework */ = {isa = PBXFileReference; lastKnownFileType = wrapper.framework; name = CFNetwork.framework; path = System/Library/Frameworks/CFNetwork.framework; sourceTree = SDKROOT; };
		D94EC08516B30156007FD7CA /* QuartzCore.framework */ = {isa = PBXFileReference; lastKnownFileType = wrapper.framework; name = QuartzCore.framework; path = System/Library/Frameworks/QuartzCore.framework; sourceTree = SDKROOT; };
		D97A596B1538610A00F4C144 /* iPad-Icon-144.png */ = {isa = PBXFileReference; lastKnownFileType = image.png; name = "iPad-Icon-144.png"; path = "../iPad-Icon-144.png"; sourceTree = "<group>"; };
		D97DC70D15387F87005A0C5D /* IMG_0424.png */ = {isa = PBXFileReference; lastKnownFileType = image.png; path = IMG_0424.png; sourceTree = "<group>"; };
		D97E6C43153889B70070D8BB /* LaunchScreen_320X480.png */ = {isa = PBXFileReference; lastKnownFileType = image.png; path = LaunchScreen_320X480.png; sourceTree = "<group>"; };
		D97E6C45153889C10070D8BB /* Default.png */ = {isa = PBXFileReference; lastKnownFileType = image.png; path = Default.png; sourceTree = "<group>"; };
		D97E6C4715388B470070D8BB /* iPad_LaunchImage_768X1004.png */ = {isa = PBXFileReference; lastKnownFileType = image.png; path = iPad_LaunchImage_768X1004.png; sourceTree = "<group>"; };
		D97E6C4915388B600070D8BB /* Default-Portrait~ipad.png */ = {isa = PBXFileReference; lastKnownFileType = image.png; path = "Default-Portrait~ipad.png"; sourceTree = "<group>"; };
		D97E6C4D15388BEF0070D8BB /* Default-Portrait@2x~ipad.png */ = {isa = PBXFileReference; lastKnownFileType = image.png; path = "Default-Portrait@2x~ipad.png"; sourceTree = "<group>"; };
		D97E6C5115388EE20070D8BB /* Default-Landscape~ipad.png */ = {isa = PBXFileReference; lastKnownFileType = image.png; path = "Default-Landscape~ipad.png"; sourceTree = "<group>"; };
		D97E6C5815388FCC0070D8BB /* Default-Landscape@2x~ipad.png */ = {isa = PBXFileReference; lastKnownFileType = image.png; path = "Default-Landscape@2x~ipad.png"; sourceTree = "<group>"; };
		D9956895147BF5B200588439 /* ExampleData.plist */ = {isa = PBXFileReference; fileEncoding = 4; lastKnownFileType = text.plist.xml; path = ExampleData.plist; sourceTree = "<group>"; };
		D99DB21B14F82D530064412A /* CookieListNotesViewController.h */ = {isa = PBXFileReference; fileEncoding = 4; lastKnownFileType = sourcecode.c.h; path = CookieListNotesViewController.h; sourceTree = "<group>"; };
		D99DB21C14F82D530064412A /* CookieListNotesViewController.m */ = {isa = PBXFileReference; fileEncoding = 4; lastKnownFileType = sourcecode.c.objc; path = CookieListNotesViewController.m; sourceTree = "<group>"; };
		D9A472FF14F58163004A2A08 /* AddCookieTypeViewController.h */ = {isa = PBXFileReference; fileEncoding = 4; lastKnownFileType = sourcecode.c.h; path = AddCookieTypeViewController.h; sourceTree = "<group>"; };
		D9A4730014F58163004A2A08 /* AddCookieTypeViewController.m */ = {isa = PBXFileReference; fileEncoding = 4; lastKnownFileType = sourcecode.c.objc; path = AddCookieTypeViewController.m; sourceTree = "<group>"; };
		D9AC1B4E14EEBF0D00B60452 /* GlobalSettings.h */ = {isa = PBXFileReference; fileEncoding = 4; lastKnownFileType = sourcecode.c.h; path = GlobalSettings.h; sourceTree = "<group>"; };
		D9AC1B4F14EEBF0D00B60452 /* GlobalSettings.m */ = {isa = PBXFileReference; fileEncoding = 4; lastKnownFileType = sourcecode.c.objc; path = GlobalSettings.m; sourceTree = "<group>"; };
		D9AC1B5114EECD8100B60452 /* SettingsCookieTypesController.h */ = {isa = PBXFileReference; fileEncoding = 4; lastKnownFileType = sourcecode.c.h; path = SettingsCookieTypesController.h; sourceTree = "<group>"; };
		D9AC1B5214EECD8100B60452 /* SettingsCookieTypesController.m */ = {isa = PBXFileReference; fileEncoding = 4; lastKnownFileType = sourcecode.c.objc; path = SettingsCookieTypesController.m; sourceTree = "<group>"; };
		D9C9F2F714E5BFDE00BF3D5B /* SettingsViewController.h */ = {isa = PBXFileReference; fileEncoding = 4; lastKnownFileType = sourcecode.c.h; path = SettingsViewController.h; sourceTree = "<group>"; };
		D9C9F2F814E5BFDE00BF3D5B /* SettingsViewController.m */ = {isa = PBXFileReference; fileEncoding = 4; lastKnownFileType = sourcecode.c.objc; path = SettingsViewController.m; sourceTree = "<group>"; };
		D9D0956F14853081006194B5 /* MessageUI.framework */ = {isa = PBXFileReference; lastKnownFileType = wrapper.framework; name = MessageUI.framework; path = System/Library/Frameworks/MessageUI.framework; sourceTree = SDKROOT; };
		D9D3068A169F22C5009C30A6 /* Default-568h@2x.png */ = {isa = PBXFileReference; lastKnownFileType = image.png; path = "Default-568h@2x.png"; sourceTree = "<group>"; };
		D9D95188150F99920048D80E /* Icon-57.png */ = {isa = PBXFileReference; lastKnownFileType = image.png; name = "Icon-57.png"; path = "../Icon-57.png"; sourceTree = "<group>"; };
		D9D9518B150F999E0048D80E /* Icon-114.png */ = {isa = PBXFileReference; lastKnownFileType = image.png; name = "Icon-114.png"; path = "../Icon-114.png"; sourceTree = "<group>"; };
		D9D95191150F99D60048D80E /* Icon-72.png */ = {isa = PBXFileReference; lastKnownFileType = image.png; name = "Icon-72.png"; path = "../Icon-72.png"; sourceTree = "<group>"; };
		D9DB61FF1507F89C00A6B3D4 /* AppData.h */ = {isa = PBXFileReference; fileEncoding = 4; lastKnownFileType = sourcecode.c.h; name = AppData.h; path = ../AppData.h; sourceTree = "<group>"; };
		D9DB62001507F89C00A6B3D4 /* AppData.m */ = {isa = PBXFileReference; fileEncoding = 4; lastKnownFileType = sourcecode.c.objc; name = AppData.m; path = ../AppData.m; sourceTree = "<group>"; };
		D9E37F2A1475D684001C711F /* CookieCount.app */ = {isa = PBXFileReference; explicitFileType = wrapper.application; includeInIndex = 0; path = CookieCount.app; sourceTree = BUILT_PRODUCTS_DIR; };
		D9E37F2E1475D684001C711F /* UIKit.framework */ = {isa = PBXFileReference; lastKnownFileType = wrapper.framework; name = UIKit.framework; path = System/Library/Frameworks/UIKit.framework; sourceTree = SDKROOT; };
		D9E37F301475D684001C711F /* Foundation.framework */ = {isa = PBXFileReference; lastKnownFileType = wrapper.framework; name = Foundation.framework; path = System/Library/Frameworks/Foundation.framework; sourceTree = SDKROOT; };
		D9E37F321475D684001C711F /* CoreGraphics.framework */ = {isa = PBXFileReference; lastKnownFileType = wrapper.framework; name = CoreGraphics.framework; path = System/Library/Frameworks/CoreGraphics.framework; sourceTree = SDKROOT; };
		D9E37F361475D684001C711F /* CookieCounter-Info.plist */ = {isa = PBXFileReference; lastKnownFileType = text.plist.xml; path = "CookieCounter-Info.plist"; sourceTree = "<group>"; };
		D9E37F381475D684001C711F /* en */ = {isa = PBXFileReference; lastKnownFileType = text.plist.strings; name = en; path = en.lproj/InfoPlist.strings; sourceTree = "<group>"; };
		D9E37F3A1475D684001C711F /* main.m */ = {isa = PBXFileReference; lastKnownFileType = sourcecode.c.objc; path = main.m; sourceTree = "<group>"; };
		D9E37F3C1475D684001C711F /* CookieCounter-Prefix.pch */ = {isa = PBXFileReference; lastKnownFileType = sourcecode.c.h; path = "CookieCounter-Prefix.pch"; sourceTree = "<group>"; };
		D9E37F3D1475D684001C711F /* AppDelegate.h */ = {isa = PBXFileReference; lastKnownFileType = sourcecode.c.h; path = AppDelegate.h; sourceTree = "<group>"; };
		D9E37F3E1475D684001C711F /* AppDelegate.m */ = {isa = PBXFileReference; lastKnownFileType = sourcecode.c.objc; path = AppDelegate.m; sourceTree = "<group>"; };
		D9E37F411475D684001C711F /* en */ = {isa = PBXFileReference; lastKnownFileType = file.storyboard; name = en; path = en.lproj/MainStoryboard.storyboard; sourceTree = "<group>"; };
		D9E37F541475D775001C711F /* MainTableViewController.h */ = {isa = PBXFileReference; fileEncoding = 4; lastKnownFileType = sourcecode.c.h; path = MainTableViewController.h; sourceTree = "<group>"; };
		D9E37F551475D775001C711F /* MainTableViewController.m */ = {isa = PBXFileReference; fileEncoding = 4; lastKnownFileType = sourcecode.c.objc; path = MainTableViewController.m; sourceTree = "<group>"; };
		D9E37F5B1475E2F5001C711F /* CookieListDetailsViewController.h */ = {isa = PBXFileReference; fileEncoding = 4; lastKnownFileType = sourcecode.c.h; path = CookieListDetailsViewController.h; sourceTree = "<group>"; };
		D9E37F5C1475E2F5001C711F /* CookieListDetailsViewController.m */ = {isa = PBXFileReference; fileEncoding = 4; lastKnownFileType = sourcecode.c.objc; path = CookieListDetailsViewController.m; sourceTree = "<group>"; };
		D9E37F621475EF97001C711F /* CookieListName.h */ = {isa = PBXFileReference; fileEncoding = 4; lastKnownFileType = sourcecode.c.h; path = CookieListName.h; sourceTree = "<group>"; };
		D9E37F631475EF97001C711F /* CookieListName.m */ = {isa = PBXFileReference; fileEncoding = 4; lastKnownFileType = sourcecode.c.objc; path = CookieListName.m; sourceTree = "<group>"; };
		D9E52F4C15388371001B2714 /* Default@2x.png */ = {isa = PBXFileReference; lastKnownFileType = image.png; path = "Default@2x.png"; sourceTree = "<group>"; };
		D9F310BE1476984300689DC7 /* CookieCountViewController.h */ = {isa = PBXFileReference; fileEncoding = 4; lastKnownFileType = sourcecode.c.h; path = CookieCountViewController.h; sourceTree = "<group>"; };
		D9F310BF1476984300689DC7 /* CookieCountViewController.m */ = {isa = PBXFileReference; fileEncoding = 4; lastKnownFileType = sourcecode.c.objc; path = CookieCountViewController.m; sourceTree = "<group>"; };
		D9F310C214769B1200689DC7 /* GSCookie.h */ = {isa = PBXFileReference; fileEncoding = 4; lastKnownFileType = sourcecode.c.h; path = GSCookie.h; sourceTree = "<group>"; };
		D9F310C314769B1200689DC7 /* GSCookie.m */ = {isa = PBXFileReference; fileEncoding = 4; lastKnownFileType = sourcecode.c.objc; path = GSCookie.m; sourceTree = "<group>"; };
/* End PBXFileReference section */

/* Begin PBXFrameworksBuildPhase section */
		D94EC05E16B3001E007FD7CA /* Frameworks */ = {
			isa = PBXFrameworksBuildPhase;
			buildActionMask = 2147483647;
			files = (
				D94EC08616B30156007FD7CA /* QuartzCore.framework in Frameworks */,
				D94EC08416B30144007FD7CA /* CFNetwork.framework in Frameworks */,
				D94EC08216B30138007FD7CA /* libsqlite3.dylib in Frameworks */,
				D94EC05F16B3001E007FD7CA /* UIKit.framework in Frameworks */,
				D94EC06016B3001E007FD7CA /* Foundation.framework in Frameworks */,
				D94EC06116B3001E007FD7CA /* CoreGraphics.framework in Frameworks */,
				D94EC06216B3001E007FD7CA /* MessageUI.framework in Frameworks */,
				D94EC08016B300DB007FD7CA /* libMonkeyTalk-1.0.30.a in Frameworks */,
			);
			runOnlyForDeploymentPostprocessing = 0;
		};
		D9E37F271475D684001C711F /* Frameworks */ = {
			isa = PBXFrameworksBuildPhase;
			buildActionMask = 2147483647;
			files = (
				D9E37F2F1475D684001C711F /* UIKit.framework in Frameworks */,
				D9E37F311475D684001C711F /* Foundation.framework in Frameworks */,
				D9E37F331475D684001C711F /* CoreGraphics.framework in Frameworks */,
				D9D0957014853081006194B5 /* MessageUI.framework in Frameworks */,
			);
			runOnlyForDeploymentPostprocessing = 0;
		};
/* End PBXFrameworksBuildPhase section */

/* Begin PBXGroup section */
		D9E37F1F1475D684001C711F = {
			isa = PBXGroup;
			children = (
				D94EC08516B30156007FD7CA /* QuartzCore.framework */,
				D94EC08316B30144007FD7CA /* CFNetwork.framework */,
				D94EC08116B30138007FD7CA /* libsqlite3.dylib */,
				D94EC07F16B300DB007FD7CA /* libMonkeyTalk-1.0.30.a */,
				D9D3068A169F22C5009C30A6 /* Default-568h@2x.png */,
				D97E6C5815388FCC0070D8BB /* Default-Landscape@2x~ipad.png */,
				D97E6C5115388EE20070D8BB /* Default-Landscape~ipad.png */,
				D97E6C4D15388BEF0070D8BB /* Default-Portrait@2x~ipad.png */,
				D97E6C4915388B600070D8BB /* Default-Portrait~ipad.png */,
				D97E6C45153889C10070D8BB /* Default.png */,
				D9E52F4C15388371001B2714 /* Default@2x.png */,
				D9E37F341475D684001C711F /* CookieCounter */,
				D9E37F2D1475D684001C711F /* Frameworks */,
				D9E37F2B1475D684001C711F /* Products */,
				D94EC07D16B3001E007FD7CA /* CookieCounter copy-Info.plist */,
			);
			sourceTree = "<group>";
		};
		D9E37F2B1475D684001C711F /* Products */ = {
			isa = PBXGroup;
			children = (
				D9E37F2A1475D684001C711F /* CookieCount.app */,
				D94EC07B16B3001E007FD7CA /* CookieCounter copy.app */,
			);
			name = Products;
			sourceTree = "<group>";
		};
		D9E37F2D1475D684001C711F /* Frameworks */ = {
			isa = PBXGroup;
			children = (
				D9D0956F14853081006194B5 /* MessageUI.framework */,
				D9E37F2E1475D684001C711F /* UIKit.framework */,
				D9E37F301475D684001C711F /* Foundation.framework */,
				D9E37F321475D684001C711F /* CoreGraphics.framework */,
			);
			name = Frameworks;
			sourceTree = "<group>";
		};
		D9E37F341475D684001C711F /* CookieCounter */ = {
			isa = PBXGroup;
			children = (
				D9DB61FF1507F89C00A6B3D4 /* AppData.h */,
				D9DB62001507F89C00A6B3D4 /* AppData.m */,
				D9E37F621475EF97001C711F /* CookieListName.h */,
				D9E37F631475EF97001C711F /* CookieListName.m */,
				D9F310C214769B1200689DC7 /* GSCookie.h */,
				D9F310C314769B1200689DC7 /* GSCookie.m */,
				D9AC1B4E14EEBF0D00B60452 /* GlobalSettings.h */,
				D9AC1B4F14EEBF0D00B60452 /* GlobalSettings.m */,
				D9E37F401475D684001C711F /* MainStoryboard.storyboard */,
				D9E37F3D1475D684001C711F /* AppDelegate.h */,
				D9E37F3E1475D684001C711F /* AppDelegate.m */,
				D9E37F541475D775001C711F /* MainTableViewController.h */,
				D9E37F551475D775001C711F /* MainTableViewController.m */,
				D9E37F5B1475E2F5001C711F /* CookieListDetailsViewController.h */,
				D9E37F5C1475E2F5001C711F /* CookieListDetailsViewController.m */,
				D9F310BE1476984300689DC7 /* CookieCountViewController.h */,
				D9F310BF1476984300689DC7 /* CookieCountViewController.m */,
				D90CCE491476C498006FC65B /* CookieCountCell.h */,
				D90CCE4A1476C498006FC65B /* CookieCountCell.m */,
				D99DB21B14F82D530064412A /* CookieListNotesViewController.h */,
				D99DB21C14F82D530064412A /* CookieListNotesViewController.m */,
				D9A472FF14F58163004A2A08 /* AddCookieTypeViewController.h */,
				D9A4730014F58163004A2A08 /* AddCookieTypeViewController.m */,
				D9AC1B5114EECD8100B60452 /* SettingsCookieTypesController.h */,
				D9AC1B5214EECD8100B60452 /* SettingsCookieTypesController.m */,
				D9C9F2F714E5BFDE00BF3D5B /* SettingsViewController.h */,
				D9C9F2F814E5BFDE00BF3D5B /* SettingsViewController.m */,
				D9E37F351475D684001C711F /* Supporting Files */,
			);
			name = CookieCounter;
			path = LaTables;
			sourceTree = "<group>";
		};
		D9E37F351475D684001C711F /* Supporting Files */ = {
			isa = PBXGroup;
			children = (
				D97E6C4715388B470070D8BB /* iPad_LaunchImage_768X1004.png */,
				D97E6C43153889B70070D8BB /* LaunchScreen_320X480.png */,
				D97DC70D15387F87005A0C5D /* IMG_0424.png */,
				D97A596B1538610A00F4C144 /* iPad-Icon-144.png */,
				D924AC6715372D5B001F058C /* 1334001990_Gear.png */,
				D9D95191150F99D60048D80E /* Icon-72.png */,
				D9D9518B150F999E0048D80E /* Icon-114.png */,
				D9D95188150F99920048D80E /* Icon-57.png */,
				D9956895147BF5B200588439 /* ExampleData.plist */,
				D9E37F361475D684001C711F /* CookieCounter-Info.plist */,
				D9E37F371475D684001C711F /* InfoPlist.strings */,
				D9E37F3A1475D684001C711F /* main.m */,
				D9E37F3C1475D684001C711F /* CookieCounter-Prefix.pch */,
			);
			name = "Supporting Files";
			sourceTree = "<group>";
		};
/* End PBXGroup section */

/* Begin PBXNativeTarget section */
		D94EC04E16B3001E007FD7CA /* CookieCounterMonkey */ = {
			isa = PBXNativeTarget;
			buildConfigurationList = D94EC07616B3001E007FD7CA /* Build configuration list for PBXNativeTarget "CookieCounterMonkey" */;
			buildPhases = (
				D94EC04F16B3001E007FD7CA /* Sources */,
				D94EC05E16B3001E007FD7CA /* Frameworks */,
				D94EC06316B3001E007FD7CA /* Resources */,
			);
			buildRules = (
			);
			dependencies = (
			);
			name = CookieCounterMonkey;
			productName = LaTables;
			productReference = D94EC07B16B3001E007FD7CA /* CookieCounter copy.app */;
			productType = "com.apple.product-type.application";
		};
		D9E37F291475D684001C711F /* CookieCounter */ = {
			isa = PBXNativeTarget;
			buildConfigurationList = D9E37F481475D684001C711F /* Build configuration list for PBXNativeTarget "CookieCounter" */;
			buildPhases = (
				D9E37F261475D684001C711F /* Sources */,
				D9E37F271475D684001C711F /* Frameworks */,
				D9E37F281475D684001C711F /* Resources */,
			);
			buildRules = (
			);
			dependencies = (
			);
			name = CookieCounter;
			productName = LaTables;
			productReference = D9E37F2A1475D684001C711F /* CookieCount.app */;
			productType = "com.apple.product-type.application";
		};
/* End PBXNativeTarget section */

/* Begin PBXProject section */
		D9E37F211475D684001C711F /* Project object */ = {
			isa = PBXProject;
			attributes = {
				LastUpgradeCheck = 0460;
			};
			buildConfigurationList = D9E37F241475D684001C711F /* Build configuration list for PBXProject "CookieCounter" */;
			compatibilityVersion = "Xcode 3.2";
			developmentRegion = English;
			hasScannedForEncodings = 0;
			knownRegions = (
				en,
			);
			mainGroup = D9E37F1F1475D684001C711F;
			productRefGroup = D9E37F2B1475D684001C711F /* Products */;
			projectDirPath = "";
			projectRoot = "";
			targets = (
				D9E37F291475D684001C711F /* CookieCounter */,
				D94EC04E16B3001E007FD7CA /* CookieCounterMonkey */,
			);
		};
/* End PBXProject section */

/* Begin PBXResourcesBuildPhase section */
		D94EC06316B3001E007FD7CA /* Resources */ = {
			isa = PBXResourcesBuildPhase;
			buildActionMask = 2147483647;
			files = (
				D94EC06416B3001E007FD7CA /* InfoPlist.strings in Resources */,
				D94EC06516B3001E007FD7CA /* MainStoryboard.storyboard in Resources */,
				D94EC06616B3001E007FD7CA /* ExampleData.plist in Resources */,
				D94EC06716B3001E007FD7CA /* Icon-57.png in Resources */,
				D94EC06816B3001E007FD7CA /* Icon-114.png in Resources */,
				D94EC06916B3001E007FD7CA /* Icon-72.png in Resources */,
				D94EC06A16B3001E007FD7CA /* 1334001990_Gear.png in Resources */,
				D94EC06B16B3001E007FD7CA /* iPad-Icon-144.png in Resources */,
				D94EC06C16B3001E007FD7CA /* IMG_0424.png in Resources */,
				D94EC06D16B3001E007FD7CA /* LaunchScreen_320X480.png in Resources */,
				D94EC06E16B3001E007FD7CA /* iPad_LaunchImage_768X1004.png in Resources */,
				D94EC06F16B3001E007FD7CA /* Default-Portrait~ipad.png in Resources */,
				D94EC07016B3001E007FD7CA /* Default-Portrait@2x~ipad.png in Resources */,
				D94EC07116B3001E007FD7CA /* Default-Landscape~ipad.png in Resources */,
				D94EC07216B3001E007FD7CA /* Default-Landscape@2x~ipad.png in Resources */,
				D94EC07316B3001E007FD7CA /* Default.png in Resources */,
				D94EC07416B3001E007FD7CA /* Default@2x.png in Resources */,
				D94EC07516B3001E007FD7CA /* Default-568h@2x.png in Resources */,
			);
			runOnlyForDeploymentPostprocessing = 0;
		};
		D9E37F281475D684001C711F /* Resources */ = {
			isa = PBXResourcesBuildPhase;
			buildActionMask = 2147483647;
			files = (
				D9E37F391475D684001C711F /* InfoPlist.strings in Resources */,
				D9E37F421475D684001C711F /* MainStoryboard.storyboard in Resources */,
				D9956896147BF5B200588439 /* ExampleData.plist in Resources */,
				D9D95189150F99920048D80E /* Icon-57.png in Resources */,
				D9D9518C150F999E0048D80E /* Icon-114.png in Resources */,
				D9D95192150F99D60048D80E /* Icon-72.png in Resources */,
				D924AC6815372D5B001F058C /* 1334001990_Gear.png in Resources */,
				D97A596C1538610A00F4C144 /* iPad-Icon-144.png in Resources */,
				D97DC70E15387F87005A0C5D /* IMG_0424.png in Resources */,
				D97E6C44153889B70070D8BB /* LaunchScreen_320X480.png in Resources */,
				D97E6C4815388B470070D8BB /* iPad_LaunchImage_768X1004.png in Resources */,
				D97E6C4A15388B600070D8BB /* Default-Portrait~ipad.png in Resources */,
				D97E6C4E15388BEF0070D8BB /* Default-Portrait@2x~ipad.png in Resources */,
				D97E6C5515388F640070D8BB /* Default-Landscape~ipad.png in Resources */,
				D97E6C5915388FCC0070D8BB /* Default-Landscape@2x~ipad.png in Resources */,
				D97E6C5A153890090070D8BB /* Default.png in Resources */,
				D97E6C5B1538900C0070D8BB /* Default@2x.png in Resources */,
				D9D3068B169F22C5009C30A6 /* Default-568h@2x.png in Resources */,
			);
			runOnlyForDeploymentPostprocessing = 0;
		};
/* End PBXResourcesBuildPhase section */

/* Begin PBXSourcesBuildPhase section */
		D94EC04F16B3001E007FD7CA /* Sources */ = {
			isa = PBXSourcesBuildPhase;
			buildActionMask = 2147483647;
			files = (
				D94EC05016B3001E007FD7CA /* main.m in Sources */,
				D94EC05116B3001E007FD7CA /* AppDelegate.m in Sources */,
				D94EC05216B3001E007FD7CA /* MainTableViewController.m in Sources */,
				D94EC05316B3001E007FD7CA /* CookieListDetailsViewController.m in Sources */,
				D94EC05416B3001E007FD7CA /* CookieListName.m in Sources */,
				D94EC05516B3001E007FD7CA /* CookieCountViewController.m in Sources */,
				D94EC05616B3001E007FD7CA /* GSCookie.m in Sources */,
				D94EC05716B3001E007FD7CA /* CookieCountCell.m in Sources */,
				D94EC05816B3001E007FD7CA /* SettingsViewController.m in Sources */,
				D94EC05916B3001E007FD7CA /* GlobalSettings.m in Sources */,
				D94EC05A16B3001E007FD7CA /* SettingsCookieTypesController.m in Sources */,
				D94EC05B16B3001E007FD7CA /* AddCookieTypeViewController.m in Sources */,
				D94EC05C16B3001E007FD7CA /* CookieListNotesViewController.m in Sources */,
				D94EC05D16B3001E007FD7CA /* AppData.m in Sources */,
			);
			runOnlyForDeploymentPostprocessing = 0;
		};
		D9E37F261475D684001C711F /* Sources */ = {
			isa = PBXSourcesBuildPhase;
			buildActionMask = 2147483647;
			files = (
				D9E37F3B1475D684001C711F /* main.m in Sources */,
				D9E37F3F1475D684001C711F /* AppDelegate.m in Sources */,
				D9E37F561475D775001C711F /* MainTableViewController.m in Sources */,
				D9E37F5D1475E2F5001C711F /* CookieListDetailsViewController.m in Sources */,
				D9E37F641475EF97001C711F /* CookieListName.m in Sources */,
				D9F310C01476984300689DC7 /* CookieCountViewController.m in Sources */,
				D9F310C414769B1200689DC7 /* GSCookie.m in Sources */,
				D90CCE4B1476C498006FC65B /* CookieCountCell.m in Sources */,
				D9C9F2F914E5BFDE00BF3D5B /* SettingsViewController.m in Sources */,
				D9AC1B5014EEBF0D00B60452 /* GlobalSettings.m in Sources */,
				D9AC1B5314EECD8100B60452 /* SettingsCookieTypesController.m in Sources */,
				D9A4730114F58163004A2A08 /* AddCookieTypeViewController.m in Sources */,
				D99DB21D14F82D530064412A /* CookieListNotesViewController.m in Sources */,
				D9DB62011507F89C00A6B3D4 /* AppData.m in Sources */,
			);
			runOnlyForDeploymentPostprocessing = 0;
		};
/* End PBXSourcesBuildPhase section */

/* Begin PBXVariantGroup section */
		D9E37F371475D684001C711F /* InfoPlist.strings */ = {
			isa = PBXVariantGroup;
			children = (
				D9E37F381475D684001C711F /* en */,
			);
			name = InfoPlist.strings;
			sourceTree = "<group>";
		};
		D9E37F401475D684001C711F /* MainStoryboard.storyboard */ = {
			isa = PBXVariantGroup;
			children = (
				D9E37F411475D684001C711F /* en */,
			);
			name = MainStoryboard.storyboard;
			sourceTree = "<group>";
		};
/* End PBXVariantGroup section */

/* Begin XCBuildConfiguration section */
		D94EC07716B3001E007FD7CA /* Debug */ = {
			isa = XCBuildConfiguration;
			buildSettings = {
				CODE_SIGN_IDENTITY = "iPhone Developer: Shelley Barnes (W9ZWGP29W4)";
				"CODE_SIGN_IDENTITY[sdk=iphoneos*]" = "iPhone Developer: Shelley Barnes (W9ZWGP29W4)";
				FRAMEWORK_SEARCH_PATHS = (
					"$(inherited)",
					"\"$(DEVELOPER_FRAMEWORKS_DIR)\"",
				);
				GCC_PRECOMPILE_PREFIX_HEADER = YES;
				GCC_PREFIX_HEADER = "LaTables/CookieCounter-Prefix.pch";
				INFOPLIST_FILE = "CookieCounter copy-Info.plist";
				IPHONEOS_DEPLOYMENT_TARGET = 5.1;
				LIBRARY_SEARCH_PATHS = (
					"$(inherited)",
					"\"$(SRCROOT)\"",
				);
				OTHER_LDFLAGS = (
					"-all_load",
					"-lstdc++",
				);
				PRODUCT_NAME = "CookieCounter copy";
				PROVISIONING_PROFILE = "2C047B08-AE34-4941-9183-B40629E25FE0";
				"PROVISIONING_PROFILE[sdk=iphoneos*]" = "2C047B08-AE34-4941-9183-B40629E25FE0";
				SDKROOT = iphoneos;
				TARGETED_DEVICE_FAMILY = "1,2";
				WRAPPER_EXTENSION = app;
			};
			name = Debug;
		};
		D94EC07816B3001E007FD7CA /* Release */ = {
			isa = XCBuildConfiguration;
			buildSettings = {
				CODE_SIGN_IDENTITY = "";
				FRAMEWORK_SEARCH_PATHS = (
					"$(inherited)",
					"\"$(DEVELOPER_FRAMEWORKS_DIR)\"",
				);
				GCC_PRECOMPILE_PREFIX_HEADER = YES;
				GCC_PREFIX_HEADER = "LaTables/CookieCounter-Prefix.pch";
				INFOPLIST_FILE = "CookieCounter copy-Info.plist";
				IPHONEOS_DEPLOYMENT_TARGET = 5.1;
				LIBRARY_SEARCH_PATHS = (
					"$(inherited)",
					"\"$(SRCROOT)\"",
				);
				OTHER_LDFLAGS = (
					"-all_load",
					"-lstdc++",
				);
				PRODUCT_NAME = "CookieCounter copy";
				SDKROOT = iphoneos;
				TARGETED_DEVICE_FAMILY = "1,2";
				WRAPPER_EXTENSION = app;
			};
			name = Release;
		};
		D94EC07916B3001E007FD7CA /* AppStore */ = {
			isa = XCBuildConfiguration;
			buildSettings = {
				CODE_SIGN_IDENTITY = "iPhone Distribution: Shelley Barnes";
				FRAMEWORK_SEARCH_PATHS = (
					"$(inherited)",
					"\"$(DEVELOPER_FRAMEWORKS_DIR)\"",
				);
				GCC_PRECOMPILE_PREFIX_HEADER = YES;
				GCC_PREFIX_HEADER = "LaTables/CookieCounter-Prefix.pch";
				INFOPLIST_FILE = "CookieCounter copy-Info.plist";
				IPHONEOS_DEPLOYMENT_TARGET = 5.1;
				LIBRARY_SEARCH_PATHS = (
					"$(inherited)",
					"\"$(SRCROOT)\"",
				);
				OTHER_LDFLAGS = (
					"-all_load",
					"-lstdc++",
				);
				PRODUCT_NAME = "CookieCounter copy";
				PROVISIONING_PROFILE = "2A5CB038-F115-4B8E-AF8C-A0689A4819F0";
				SDKROOT = iphoneos;
				TARGETED_DEVICE_FAMILY = "1,2";
				VALIDATE_PRODUCT = YES;
				WRAPPER_EXTENSION = app;
			};
			name = AppStore;
		};
		D94EC07A16B3001E007FD7CA /* Ad Hoc */ = {
			isa = XCBuildConfiguration;
			buildSettings = {
				CODE_SIGN_IDENTITY = "iPhone Distribution: Shelley Barnes";
				"CODE_SIGN_IDENTITY[sdk=iphoneos*]" = "iPhone Distribution: Shelley Barnes";
				FRAMEWORK_SEARCH_PATHS = (
					"$(inherited)",
					"\"$(DEVELOPER_FRAMEWORKS_DIR)\"",
				);
				GCC_PRECOMPILE_PREFIX_HEADER = YES;
				GCC_PREFIX_HEADER = "LaTables/CookieCounter-Prefix.pch";
				INFOPLIST_FILE = "CookieCounter copy-Info.plist";
				IPHONEOS_DEPLOYMENT_TARGET = 5.1;
				LIBRARY_SEARCH_PATHS = (
					"$(inherited)",
					"\"$(SRCROOT)\"",
				);
				OTHER_LDFLAGS = (
					"-all_load",
					"-lstdc++",
				);
				PRODUCT_NAME = "CookieCounter copy";
				PROVISIONING_PROFILE = "DB1BB594-083D-4D27-895B-5D8EF816A521";
				"PROVISIONING_PROFILE[sdk=iphoneos*]" = "DB1BB594-083D-4D27-895B-5D8EF816A521";
				SDKROOT = iphoneos;
				TARGETED_DEVICE_FAMILY = "1,2";
				WRAPPER_EXTENSION = app;
			};
			name = "Ad Hoc";
		};
		D9C6341B14C3763800145690 /* Ad Hoc */ = {
			isa = XCBuildConfiguration;
			buildSettings = {
				ALWAYS_SEARCH_USER_PATHS = NO;
				ARCHS = "$(ARCHS_STANDARD_32_BIT)";
				CLANG_ENABLE_OBJC_ARC = YES;
				CLANG_WARN_CONSTANT_CONVERSION = YES;
				CLANG_WARN_ENUM_CONVERSION = YES;
				CLANG_WARN_INT_CONVERSION = YES;
				CLANG_WARN__DUPLICATE_METHOD_MATCH = YES;
				"CODE_SIGN_IDENTITY[sdk=iphoneos*]" = "iPhone Distribution: Shelley Barnes";
				COPY_PHASE_STRIP = YES;
				GCC_C_LANGUAGE_STANDARD = gnu99;
				GCC_VERSION = com.apple.compilers.llvm.clang.1_0;
				GCC_WARN_ABOUT_MISSING_PROTOTYPES = YES;
				GCC_WARN_ABOUT_RETURN_TYPE = YES;
				GCC_WARN_UNINITIALIZED_AUTOS = YES;
				GCC_WARN_UNUSED_VARIABLE = YES;
				IPHONEOS_DEPLOYMENT_TARGET = 5.0;
				OTHER_CFLAGS = "-DNS_BLOCK_ASSERTIONS=1";
				"PROVISIONING_PROFILE[sdk=iphoneos*]" = "D332658E-C53C-4F4E-BD3F-B9E6694DC08C";
				SDKROOT = iphoneos;
				VALIDATE_PRODUCT = YES;
			};
			name = "Ad Hoc";
		};
		D9C6341C14C3763800145690 /* Ad Hoc */ = {
			isa = XCBuildConfiguration;
			buildSettings = {
				CODE_SIGN_IDENTITY = "iPhone Distribution: Shelley Barnes";
				"CODE_SIGN_IDENTITY[sdk=iphoneos*]" = "iPhone Distribution: Shelley Barnes";
				FRAMEWORK_SEARCH_PATHS = (
					"$(inherited)",
					"\"$(DEVELOPER_FRAMEWORKS_DIR)\"",
				);
				GCC_PRECOMPILE_PREFIX_HEADER = YES;
				GCC_PREFIX_HEADER = "LaTables/CookieCounter-Prefix.pch";
				INFOPLIST_FILE = "LaTables/CookieCounter-Info.plist";
				IPHONEOS_DEPLOYMENT_TARGET = 5.1;
				PRODUCT_NAME = CookieCount;
				PROVISIONING_PROFILE = "DB1BB594-083D-4D27-895B-5D8EF816A521";
				"PROVISIONING_PROFILE[sdk=iphoneos*]" = "DB1BB594-083D-4D27-895B-5D8EF816A521";
				SDKROOT = iphoneos;
				TARGETED_DEVICE_FAMILY = "1,2";
				WRAPPER_EXTENSION = app;
			};
			name = "Ad Hoc";
		};
		D9DD4C03155ADC3D0009B702 /* AppStore */ = {
			isa = XCBuildConfiguration;
			buildSettings = {
				ALWAYS_SEARCH_USER_PATHS = NO;
				ARCHS = "$(ARCHS_STANDARD_32_BIT)";
				CLANG_ENABLE_OBJC_ARC = YES;
				CLANG_WARN_CONSTANT_CONVERSION = YES;
				CLANG_WARN_ENUM_CONVERSION = YES;
				CLANG_WARN_INT_CONVERSION = YES;
				CLANG_WARN__DUPLICATE_METHOD_MATCH = YES;
				CODE_SIGN_IDENTITY = "";
				"CODE_SIGN_IDENTITY[sdk=iphoneos*]" = "iPhone Distribution: Shelley Barnes";
				COPY_PHASE_STRIP = YES;
				GCC_C_LANGUAGE_STANDARD = gnu99;
				GCC_VERSION = com.apple.compilers.llvm.clang.1_0;
				GCC_WARN_ABOUT_MISSING_PROTOTYPES = YES;
				GCC_WARN_ABOUT_RETURN_TYPE = YES;
				GCC_WARN_UNINITIALIZED_AUTOS = YES;
				GCC_WARN_UNUSED_VARIABLE = YES;
				IPHONEOS_DEPLOYMENT_TARGET = 5.0;
				OTHER_CFLAGS = "-DNS_BLOCK_ASSERTIONS=1";
				"PROVISIONING_PROFILE[sdk=iphoneos*]" = "2A5CB038-F115-4B8E-AF8C-A0689A4819F0";
				SDKROOT = iphoneos;
				VALIDATE_PRODUCT = NO;
			};
			name = AppStore;
		};
		D9DD4C04155ADC3D0009B702 /* AppStore */ = {
			isa = XCBuildConfiguration;
			buildSettings = {
				CODE_SIGN_IDENTITY = "iPhone Distribution: Shelley Barnes";
				FRAMEWORK_SEARCH_PATHS = (
					"$(inherited)",
					"\"$(DEVELOPER_FRAMEWORKS_DIR)\"",
				);
				GCC_PRECOMPILE_PREFIX_HEADER = YES;
				GCC_PREFIX_HEADER = "LaTables/CookieCounter-Prefix.pch";
				INFOPLIST_FILE = "LaTables/CookieCounter-Info.plist";
				IPHONEOS_DEPLOYMENT_TARGET = 5.1;
				PRODUCT_NAME = CookieCount;
				PROVISIONING_PROFILE = "2A5CB038-F115-4B8E-AF8C-A0689A4819F0";
				SDKROOT = iphoneos;
				TARGETED_DEVICE_FAMILY = "1,2";
				VALIDATE_PRODUCT = YES;
				WRAPPER_EXTENSION = app;
			};
			name = AppStore;
		};
		D9E37F461475D684001C711F /* Debug */ = {
			isa = XCBuildConfiguration;
			buildSettings = {
				ALWAYS_SEARCH_USER_PATHS = NO;
				ARCHS = "$(ARCHS_STANDARD_32_BIT)";
				CLANG_ENABLE_OBJC_ARC = YES;
				CLANG_WARN_CONSTANT_CONVERSION = YES;
				CLANG_WARN_ENUM_CONVERSION = YES;
				CLANG_WARN_INT_CONVERSION = YES;
				CLANG_WARN__DUPLICATE_METHOD_MATCH = YES;
				"CODE_SIGN_IDENTITY[sdk=iphoneos*]" = "iPhone Developer";
				COPY_PHASE_STRIP = NO;
				GCC_C_LANGUAGE_STANDARD = gnu99;
				GCC_DYNAMIC_NO_PIC = NO;
				GCC_OPTIMIZATION_LEVEL = 0;
				GCC_PREPROCESSOR_DEFINITIONS = (
					"DEBUG=1",
					"$(inherited)",
				);
				GCC_SYMBOLS_PRIVATE_EXTERN = NO;
				GCC_VERSION = com.apple.compilers.llvm.clang.1_0;
				GCC_WARN_ABOUT_MISSING_PROTOTYPES = YES;
				GCC_WARN_ABOUT_RETURN_TYPE = YES;
				GCC_WARN_UNINITIALIZED_AUTOS = YES;
				GCC_WARN_UNUSED_VARIABLE = YES;
				IPHONEOS_DEPLOYMENT_TARGET = 5.0;
				SDKROOT = iphoneos;
			};
			name = Debug;
		};
		D9E37F471475D684001C711F /* Release */ = {
			isa = XCBuildConfiguration;
			buildSettings = {
				ALWAYS_SEARCH_USER_PATHS = NO;
				ARCHS = "$(ARCHS_STANDARD_32_BIT)";
				CLANG_ENABLE_OBJC_ARC = YES;
				CLANG_WARN_CONSTANT_CONVERSION = YES;
				CLANG_WARN_ENUM_CONVERSION = YES;
				CLANG_WARN_INT_CONVERSION = YES;
				CLANG_WARN__DUPLICATE_METHOD_MATCH = YES;
				"CODE_SIGN_IDENTITY[sdk=iphoneos*]" = "iPhone Developer";
				COPY_PHASE_STRIP = YES;
				GCC_C_LANGUAGE_STANDARD = gnu99;
				GCC_VERSION = com.apple.compilers.llvm.clang.1_0;
				GCC_WARN_ABOUT_MISSING_PROTOTYPES = YES;
				GCC_WARN_ABOUT_RETURN_TYPE = YES;
				GCC_WARN_UNINITIALIZED_AUTOS = YES;
				GCC_WARN_UNUSED_VARIABLE = YES;
				IPHONEOS_DEPLOYMENT_TARGET = 5.0;
				OTHER_CFLAGS = "-DNS_BLOCK_ASSERTIONS=1";
				SDKROOT = iphoneos;
				VALIDATE_PRODUCT = NO;
			};
			name = Release;
		};
		D9E37F491475D684001C711F /* Debug */ = {
			isa = XCBuildConfiguration;
			buildSettings = {
				CODE_SIGN_IDENTITY = "iPhone Developer: Shelley Barnes (W9ZWGP29W4)";
				"CODE_SIGN_IDENTITY[sdk=iphoneos*]" = "iPhone Developer: Shelley Barnes (W9ZWGP29W4)";
				FRAMEWORK_SEARCH_PATHS = (
					"$(inherited)",
					"\"$(DEVELOPER_FRAMEWORKS_DIR)\"",
				);
				GCC_PRECOMPILE_PREFIX_HEADER = YES;
				GCC_PREFIX_HEADER = "LaTables/CookieCounter-Prefix.pch";
				INFOPLIST_FILE = "LaTables/CookieCounter-Info.plist";
				IPHONEOS_DEPLOYMENT_TARGET = 5.1;
				PRODUCT_NAME = CookieCount;
				PROVISIONING_PROFILE = "2C047B08-AE34-4941-9183-B40629E25FE0";
				"PROVISIONING_PROFILE[sdk=iphoneos*]" = "2C047B08-AE34-4941-9183-B40629E25FE0";
				SDKROOT = iphoneos;
				TARGETED_DEVICE_FAMILY = "1,2";
				WRAPPER_EXTENSION = app;
			};
			name = Debug;
		};
		D9E37F4A1475D684001C711F /* Release */ = {
			isa = XCBuildConfiguration;
			buildSettings = {
				CODE_SIGN_IDENTITY = "";
				FRAMEWORK_SEARCH_PATHS = (
					"$(inherited)",
					"\"$(DEVELOPER_FRAMEWORKS_DIR)\"",
				);
				GCC_PRECOMPILE_PREFIX_HEADER = YES;
				GCC_PREFIX_HEADER = "LaTables/CookieCounter-Prefix.pch";
				INFOPLIST_FILE = "LaTables/CookieCounter-Info.plist";
				IPHONEOS_DEPLOYMENT_TARGET = 5.1;
				PRODUCT_NAME = CookieCount;
				SDKROOT = iphoneos;
				TARGETED_DEVICE_FAMILY = "1,2";
				WRAPPER_EXTENSION = app;
			};
			name = Release;
		};
/* End XCBuildConfiguration section */

/* Begin XCConfigurationList section */
		D94EC07616B3001E007FD7CA /* Build configuration list for PBXNativeTarget "CookieCounterMonkey" */ = {
			isa = XCConfigurationList;
			buildConfigurations = (
				D94EC07716B3001E007FD7CA /* Debug */,
				D94EC07816B3001E007FD7CA /* Release */,
				D94EC07916B3001E007FD7CA /* AppStore */,
				D94EC07A16B3001E007FD7CA /* Ad Hoc */,
			);
			defaultConfigurationIsVisible = 0;
			defaultConfigurationName = Release;
		};
		D9E37F241475D684001C711F /* Build configuration list for PBXProject "CookieCounter" */ = {
			isa = XCConfigurationList;
			buildConfigurations = (
				D9E37F461475D684001C711F /* Debug */,
				D9E37F471475D684001C711F /* Release */,
				D9DD4C03155ADC3D0009B702 /* AppStore */,
				D9C6341B14C3763800145690 /* Ad Hoc */,
			);
			defaultConfigurationIsVisible = 0;
			defaultConfigurationName = Release;
		};
		D9E37F481475D684001C711F /* Build configuration list for PBXNativeTarget "CookieCounter" */ = {
			isa = XCConfigurationList;
			buildConfigurations = (
				D9E37F491475D684001C711F /* Debug */,
				D9E37F4A1475D684001C711F /* Release */,
				D9DD4C04155ADC3D0009B702 /* AppStore */,
				D9C6341C14C3763800145690 /* Ad Hoc */,
			);
			defaultConfigurationIsVisible = 0;
			defaultConfigurationName = Release;
		};
/* End XCConfigurationList section */
	};
	rootObject = D9E37F211475D684001C711F /* Project object */;
}
