// !$*UTF8*$!
{
	archiveVersion = 1;
	classes = {
	};
	objectVersion = 46;
	objects = {

/* Begin PBXBuildFile section */
		D90CCE4B1476C498006FC65B /* CookieCountCell.m in Sources */ = {isa = PBXBuildFile; fileRef = D90CCE4A1476C498006FC65B /* CookieCountCell.m */; };
		D96DB90E14C7C1A200D95C07 /* Cookie_Counter_72x72.png in Resources */ = {isa = PBXBuildFile; fileRef = D96DB90D14C7C1A200D95C07 /* Cookie_Counter_72x72.png */; };
		D9956896147BF5B200588439 /* ExampleData.plist in Resources */ = {isa = PBXBuildFile; fileRef = D9956895147BF5B200588439 /* ExampleData.plist */; };
		D9AC1B5014EEBF0D00B60452 /* GlobalSettings.m in Sources */ = {isa = PBXBuildFile; fileRef = D9AC1B4F14EEBF0D00B60452 /* GlobalSettings.m */; };
		D9AC1B5314EECD8100B60452 /* SettingsCookieTypesController.m in Sources */ = {isa = PBXBuildFile; fileRef = D9AC1B5214EECD8100B60452 /* SettingsCookieTypesController.m */; };
		D9C9F2F914E5BFDE00BF3D5B /* SettingsViewController.m in Sources */ = {isa = PBXBuildFile; fileRef = D9C9F2F814E5BFDE00BF3D5B /* SettingsViewController.m */; };
		D9D0957014853081006194B5 /* MessageUI.framework in Frameworks */ = {isa = PBXBuildFile; fileRef = D9D0956F14853081006194B5 /* MessageUI.framework */; };
		D9DA644414BF265B005A1896 /* Cookie_Counter_57x57.png in Resources */ = {isa = PBXBuildFile; fileRef = D9DA644314BF265B005A1896 /* Cookie_Counter_57x57.png */; };
		D9DA644614BF2662005A1896 /* Cookie_Counter_114x114.png in Resources */ = {isa = PBXBuildFile; fileRef = D9DA644514BF2662005A1896 /* Cookie_Counter_114x114.png */; };
		D9E37F2F1475D684001C711F /* UIKit.framework in Frameworks */ = {isa = PBXBuildFile; fileRef = D9E37F2E1475D684001C711F /* UIKit.framework */; };
		D9E37F311475D684001C711F /* Foundation.framework in Frameworks */ = {isa = PBXBuildFile; fileRef = D9E37F301475D684001C711F /* Foundation.framework */; };
		D9E37F331475D684001C711F /* CoreGraphics.framework in Frameworks */ = {isa = PBXBuildFile; fileRef = D9E37F321475D684001C711F /* CoreGraphics.framework */; };
		D9E37F391475D684001C711F /* InfoPlist.strings in Resources */ = {isa = PBXBuildFile; fileRef = D9E37F371475D684001C711F /* InfoPlist.strings */; };
		D9E37F3B1475D684001C711F /* main.m in Sources */ = {isa = PBXBuildFile; fileRef = D9E37F3A1475D684001C711F /* main.m */; };
		D9E37F3F1475D684001C711F /* AppDelegate.m in Sources */ = {isa = PBXBuildFile; fileRef = D9E37F3E1475D684001C711F /* AppDelegate.m */; };
		D9E37F421475D684001C711F /* MainStoryboard.storyboard in Resources */ = {isa = PBXBuildFile; fileRef = D9E37F401475D684001C711F /* MainStoryboard.storyboard */; };
		D9E37F561475D775001C711F /* MainTableViewController.m in Sources */ = {isa = PBXBuildFile; fileRef = D9E37F551475D775001C711F /* MainTableViewController.m */; };
		D9E37F5D1475E2F5001C711F /* CookieListDetailsViewController.m in Sources */ = {isa = PBXBuildFile; fileRef = D9E37F5C1475E2F5001C711F /* CookieListDetailsViewController.m */; };
		D9E37F641475EF97001C711F /* CookieListName.m in Sources */ = {isa = PBXBuildFile; fileRef = D9E37F631475EF97001C711F /* CookieListName.m */; };
		D9F310C01476984300689DC7 /* CookieCountViewController.m in Sources */ = {isa = PBXBuildFile; fileRef = D9F310BF1476984300689DC7 /* CookieCountViewController.m */; };
		D9F310C414769B1200689DC7 /* GSCookie.m in Sources */ = {isa = PBXBuildFile; fileRef = D9F310C314769B1200689DC7 /* GSCookie.m */; };
/* End PBXBuildFile section */

/* Begin PBXFileReference section */
		D90CCE491476C498006FC65B /* CookieCountCell.h */ = {isa = PBXFileReference; fileEncoding = 4; lastKnownFileType = sourcecode.c.h; path = CookieCountCell.h; sourceTree = "<group>"; };
		D90CCE4A1476C498006FC65B /* CookieCountCell.m */ = {isa = PBXFileReference; fileEncoding = 4; lastKnownFileType = sourcecode.c.objc; path = CookieCountCell.m; sourceTree = "<group>"; };
		D96DB90D14C7C1A200D95C07 /* Cookie_Counter_72x72.png */ = {isa = PBXFileReference; lastKnownFileType = image.png; path = Cookie_Counter_72x72.png; sourceTree = "<group>"; };
		D9956895147BF5B200588439 /* ExampleData.plist */ = {isa = PBXFileReference; fileEncoding = 4; lastKnownFileType = text.plist.xml; path = ExampleData.plist; sourceTree = "<group>"; };
		D9AC1B4E14EEBF0D00B60452 /* GlobalSettings.h */ = {isa = PBXFileReference; fileEncoding = 4; lastKnownFileType = sourcecode.c.h; path = GlobalSettings.h; sourceTree = "<group>"; };
		D9AC1B4F14EEBF0D00B60452 /* GlobalSettings.m */ = {isa = PBXFileReference; fileEncoding = 4; lastKnownFileType = sourcecode.c.objc; path = GlobalSettings.m; sourceTree = "<group>"; };
		D9AC1B5114EECD8100B60452 /* SettingsCookieTypesController.h */ = {isa = PBXFileReference; fileEncoding = 4; lastKnownFileType = sourcecode.c.h; path = SettingsCookieTypesController.h; sourceTree = "<group>"; };
		D9AC1B5214EECD8100B60452 /* SettingsCookieTypesController.m */ = {isa = PBXFileReference; fileEncoding = 4; lastKnownFileType = sourcecode.c.objc; path = SettingsCookieTypesController.m; sourceTree = "<group>"; };
		D9C9F2F714E5BFDE00BF3D5B /* SettingsViewController.h */ = {isa = PBXFileReference; fileEncoding = 4; lastKnownFileType = sourcecode.c.h; path = SettingsViewController.h; sourceTree = "<group>"; };
		D9C9F2F814E5BFDE00BF3D5B /* SettingsViewController.m */ = {isa = PBXFileReference; fileEncoding = 4; lastKnownFileType = sourcecode.c.objc; path = SettingsViewController.m; sourceTree = "<group>"; };
		D9D0956F14853081006194B5 /* MessageUI.framework */ = {isa = PBXFileReference; lastKnownFileType = wrapper.framework; name = MessageUI.framework; path = System/Library/Frameworks/MessageUI.framework; sourceTree = SDKROOT; };
		D9DA644314BF265B005A1896 /* Cookie_Counter_57x57.png */ = {isa = PBXFileReference; lastKnownFileType = image.png; name = Cookie_Counter_57x57.png; path = ../Cookie_Counter_57x57.png; sourceTree = "<group>"; };
		D9DA644514BF2662005A1896 /* Cookie_Counter_114x114.png */ = {isa = PBXFileReference; lastKnownFileType = image.png; name = Cookie_Counter_114x114.png; path = ../Cookie_Counter_114x114.png; sourceTree = "<group>"; };
		D9E37F2A1475D684001C711F /* CookieCount.app */ = {isa = PBXFileReference; explicitFileType = wrapper.application; includeInIndex = 0; path = CookieCount.app; sourceTree = BUILT_PRODUCTS_DIR; };
		D9E37F2E1475D684001C711F /* UIKit.framework */ = {isa = PBXFileReference; lastKnownFileType = wrapper.framework; name = UIKit.framework; path = System/Library/Frameworks/UIKit.framework; sourceTree = SDKROOT; };
		D9E37F301475D684001C711F /* Foundation.framework */ = {isa = PBXFileReference; lastKnownFileType = wrapper.framework; name = Foundation.framework; path = System/Library/Frameworks/Foundation.framework; sourceTree = SDKROOT; };
		D9E37F321475D684001C711F /* CoreGraphics.framework */ = {isa = PBXFileReference; lastKnownFileType = wrapper.framework; name = CoreGraphics.framework; path = System/Library/Frameworks/CoreGraphics.framework; sourceTree = SDKROOT; };
		D9E37F361475D684001C711F /* CookieCounter-Info.plist */ = {isa = PBXFileReference; lastKnownFileType = text.plist.xml; path = "CookieCounter-Info.plist"; sourceTree = "<group>"; };
		D9E37F381475D684001C711F /* en */ = {isa = PBXFileReference; lastKnownFileType = text.plist.strings; name = en; path = en.lproj/InfoPlist.strings; sourceTree = "<group>"; };
		D9E37F3A1475D684001C711F /* main.m */ = {isa = PBXFileReference; lastKnownFileType = sourcecode.c.objc; path = main.m; sourceTree = "<group>"; };
		D9E37F3C1475D684001C711F /* CookieCounter-Prefix.pch */ = {isa = PBXFileReference; lastKnownFileType = sourcecode.c.h; path = "CookieCounter-Prefix.pch"; sourceTree = "<group>"; };
		D9E37F3D1475D684001C711F /* AppDelegate.h */ = {isa = PBXFileReference; lastKnownFileType = sourcecode.c.h; path = AppDelegate.h; sourceTree = "<group>"; };
		D9E37F3E1475D684001C711F /* AppDelegate.m */ = {isa = PBXFileReference; lastKnownFileType = sourcecode.c.objc; path = AppDelegate.m; sourceTree = "<group>"; };
		D9E37F411475D684001C711F /* en */ = {isa = PBXFileReference; lastKnownFileType = file.storyboard; name = en; path = en.lproj/MainStoryboard.storyboard; sourceTree = "<group>"; };
		D9E37F541475D775001C711F /* MainTableViewController.h */ = {isa = PBXFileReference; fileEncoding = 4; lastKnownFileType = sourcecode.c.h; path = MainTableViewController.h; sourceTree = "<group>"; };
		D9E37F551475D775001C711F /* MainTableViewController.m */ = {isa = PBXFileReference; fileEncoding = 4; lastKnownFileType = sourcecode.c.objc; path = MainTableViewController.m; sourceTree = "<group>"; };
		D9E37F5B1475E2F5001C711F /* CookieListDetailsViewController.h */ = {isa = PBXFileReference; fileEncoding = 4; lastKnownFileType = sourcecode.c.h; path = CookieListDetailsViewController.h; sourceTree = "<group>"; };
		D9E37F5C1475E2F5001C711F /* CookieListDetailsViewController.m */ = {isa = PBXFileReference; fileEncoding = 4; lastKnownFileType = sourcecode.c.objc; path = CookieListDetailsViewController.m; sourceTree = "<group>"; };
		D9E37F621475EF97001C711F /* CookieListName.h */ = {isa = PBXFileReference; fileEncoding = 4; lastKnownFileType = sourcecode.c.h; path = CookieListName.h; sourceTree = "<group>"; };
		D9E37F631475EF97001C711F /* CookieListName.m */ = {isa = PBXFileReference; fileEncoding = 4; lastKnownFileType = sourcecode.c.objc; path = CookieListName.m; sourceTree = "<group>"; };
		D9F310BE1476984300689DC7 /* CookieCountViewController.h */ = {isa = PBXFileReference; fileEncoding = 4; lastKnownFileType = sourcecode.c.h; path = CookieCountViewController.h; sourceTree = "<group>"; };
		D9F310BF1476984300689DC7 /* CookieCountViewController.m */ = {isa = PBXFileReference; fileEncoding = 4; lastKnownFileType = sourcecode.c.objc; path = CookieCountViewController.m; sourceTree = "<group>"; };
		D9F310C214769B1200689DC7 /* GSCookie.h */ = {isa = PBXFileReference; fileEncoding = 4; lastKnownFileType = sourcecode.c.h; path = GSCookie.h; sourceTree = "<group>"; };
		D9F310C314769B1200689DC7 /* GSCookie.m */ = {isa = PBXFileReference; fileEncoding = 4; lastKnownFileType = sourcecode.c.objc; path = GSCookie.m; sourceTree = "<group>"; };
/* End PBXFileReference section */

/* Begin PBXFrameworksBuildPhase section */
		D9E37F271475D684001C711F /* Frameworks */ = {
			isa = PBXFrameworksBuildPhase;
			buildActionMask = 2147483647;
			files = (
				D9E37F2F1475D684001C711F /* UIKit.framework in Frameworks */,
				D9E37F311475D684001C711F /* Foundation.framework in Frameworks */,
				D9E37F331475D684001C711F /* CoreGraphics.framework in Frameworks */,
				D9D0957014853081006194B5 /* MessageUI.framework in Frameworks */,
			);
			runOnlyForDeploymentPostprocessing = 0;
		};
/* End PBXFrameworksBuildPhase section */

/* Begin PBXGroup section */
		D9E37F1F1475D684001C711F = {
			isa = PBXGroup;
			children = (
				D96DB90D14C7C1A200D95C07 /* Cookie_Counter_72x72.png */,
				D9E37F341475D684001C711F /* CookieCounter */,
				D9E37F2D1475D684001C711F /* Frameworks */,
				D9E37F2B1475D684001C711F /* Products */,
			);
			sourceTree = "<group>";
		};
		D9E37F2B1475D684001C711F /* Products */ = {
			isa = PBXGroup;
			children = (
				D9E37F2A1475D684001C711F /* CookieCount.app */,
			);
			name = Products;
			sourceTree = "<group>";
		};
		D9E37F2D1475D684001C711F /* Frameworks */ = {
			isa = PBXGroup;
			children = (
				D9D0956F14853081006194B5 /* MessageUI.framework */,
				D9E37F2E1475D684001C711F /* UIKit.framework */,
				D9E37F301475D684001C711F /* Foundation.framework */,
				D9E37F321475D684001C711F /* CoreGraphics.framework */,
			);
			name = Frameworks;
			sourceTree = "<group>";
		};
		D9E37F341475D684001C711F /* CookieCounter */ = {
			isa = PBXGroup;
			children = (
				D9E37F3D1475D684001C711F /* AppDelegate.h */,
				D9E37F3E1475D684001C711F /* AppDelegate.m */,
				D9E37F401475D684001C711F /* MainStoryboard.storyboard */,
				D9AC1B5114EECD8100B60452 /* SettingsCookieTypesController.h */,
				D9AC1B5214EECD8100B60452 /* SettingsCookieTypesController.m */,
				D9F310BE1476984300689DC7 /* CookieCountViewController.h */,
				D9F310BF1476984300689DC7 /* CookieCountViewController.m */,
				D90CCE491476C498006FC65B /* CookieCountCell.h */,
				D90CCE4A1476C498006FC65B /* CookieCountCell.m */,
				D9E37F351475D684001C711F /* Supporting Files */,
				D9E37F541475D775001C711F /* MainTableViewController.h */,
				D9E37F551475D775001C711F /* MainTableViewController.m */,
				D9E37F5B1475E2F5001C711F /* CookieListDetailsViewController.h */,
				D9E37F5C1475E2F5001C711F /* CookieListDetailsViewController.m */,
				D9E37F621475EF97001C711F /* CookieListName.h */,
				D9E37F631475EF97001C711F /* CookieListName.m */,
				D9F310C214769B1200689DC7 /* GSCookie.h */,
				D9AC1B4E14EEBF0D00B60452 /* GlobalSettings.h */,
				D9AC1B4F14EEBF0D00B60452 /* GlobalSettings.m */,
				D9F310C314769B1200689DC7 /* GSCookie.m */,
				D9C9F2F714E5BFDE00BF3D5B /* SettingsViewController.h */,
				D9C9F2F814E5BFDE00BF3D5B /* SettingsViewController.m */,
			);
			name = CookieCounter;
			path = LaTables;
			sourceTree = "<group>";
		};
		D9E37F351475D684001C711F /* Supporting Files */ = {
			isa = PBXGroup;
			children = (
				D9DA644514BF2662005A1896 /* Cookie_Counter_114x114.png */,
				D9DA644314BF265B005A1896 /* Cookie_Counter_57x57.png */,
				D9956895147BF5B200588439 /* ExampleData.plist */,
				D9E37F361475D684001C711F /* CookieCounter-Info.plist */,
				D9E37F371475D684001C711F /* InfoPlist.strings */,
				D9E37F3A1475D684001C711F /* main.m */,
				D9E37F3C1475D684001C711F /* CookieCounter-Prefix.pch */,
			);
			name = "Supporting Files";
			sourceTree = "<group>";
		};
/* End PBXGroup section */

/* Begin PBXNativeTarget section */
		D9E37F291475D684001C711F /* CookieCounter */ = {
			isa = PBXNativeTarget;
			buildConfigurationList = D9E37F481475D684001C711F /* Build configuration list for PBXNativeTarget "CookieCounter" */;
			buildPhases = (
				D9E37F261475D684001C711F /* Sources */,
				D9E37F271475D684001C711F /* Frameworks */,
				D9E37F281475D684001C711F /* Resources */,
			);
			buildRules = (
			);
			dependencies = (
			);
			name = CookieCounter;
			productName = LaTables;
			productReference = D9E37F2A1475D684001C711F /* CookieCount.app */;
			productType = "com.apple.product-type.application";
		};
/* End PBXNativeTarget section */

/* Begin PBXProject section */
		D9E37F211475D684001C711F /* Project object */ = {
			isa = PBXProject;
			attributes = {
				LastUpgradeCheck = 0420;
			};
			buildConfigurationList = D9E37F241475D684001C711F /* Build configuration list for PBXProject "CookieCounter" */;
			compatibilityVersion = "Xcode 3.2";
			developmentRegion = English;
			hasScannedForEncodings = 0;
			knownRegions = (
				en,
			);
			mainGroup = D9E37F1F1475D684001C711F;
			productRefGroup = D9E37F2B1475D684001C711F /* Products */;
			projectDirPath = "";
			projectRoot = "";
			targets = (
				D9E37F291475D684001C711F /* CookieCounter */,
			);
		};
/* End PBXProject section */

/* Begin PBXResourcesBuildPhase section */
		D9E37F281475D684001C711F /* Resources */ = {
			isa = PBXResourcesBuildPhase;
			buildActionMask = 2147483647;
			files = (
				D9E37F391475D684001C711F /* InfoPlist.strings in Resources */,
				D9E37F421475D684001C711F /* MainStoryboard.storyboard in Resources */,
				D9956896147BF5B200588439 /* ExampleData.plist in Resources */,
				D9DA644414BF265B005A1896 /* Cookie_Counter_57x57.png in Resources */,
				D9DA644614BF2662005A1896 /* Cookie_Counter_114x114.png in Resources */,
				D96DB90E14C7C1A200D95C07 /* Cookie_Counter_72x72.png in Resources */,
			);
			runOnlyForDeploymentPostprocessing = 0;
		};
/* End PBXResourcesBuildPhase section */

/* Begin PBXSourcesBuildPhase section */
		D9E37F261475D684001C711F /* Sources */ = {
			isa = PBXSourcesBuildPhase;
			buildActionMask = 2147483647;
			files = (
				D9E37F3B1475D684001C711F /* main.m in Sources */,
				D9E37F3F1475D684001C711F /* AppDelegate.m in Sources */,
				D9E37F561475D775001C711F /* MainTableViewController.m in Sources */,
				D9E37F5D1475E2F5001C711F /* CookieListDetailsViewController.m in Sources */,
				D9E37F641475EF97001C711F /* CookieListName.m in Sources */,
				D9F310C01476984300689DC7 /* CookieCountViewController.m in Sources */,
				D9F310C414769B1200689DC7 /* GSCookie.m in Sources */,
				D90CCE4B1476C498006FC65B /* CookieCountCell.m in Sources */,
				D9C9F2F914E5BFDE00BF3D5B /* SettingsViewController.m in Sources */,
				D9AC1B5014EEBF0D00B60452 /* GlobalSettings.m in Sources */,
				D9AC1B5314EECD8100B60452 /* SettingsCookieTypesController.m in Sources */,
			);
			runOnlyForDeploymentPostprocessing = 0;
		};
/* End PBXSourcesBuildPhase section */

/* Begin PBXVariantGroup section */
		D9E37F371475D684001C711F /* InfoPlist.strings */ = {
			isa = PBXVariantGroup;
			children = (
				D9E37F381475D684001C711F /* en */,
			);
			name = InfoPlist.strings;
			sourceTree = "<group>";
		};
		D9E37F401475D684001C711F /* MainStoryboard.storyboard */ = {
			isa = PBXVariantGroup;
			children = (
				D9E37F411475D684001C711F /* en */,
			);
			name = MainStoryboard.storyboard;
			sourceTree = "<group>";
		};
/* End PBXVariantGroup section */

/* Begin XCBuildConfiguration section */
		D9C6341B14C3763800145690 /* Ad Hoc */ = {
			isa = XCBuildConfiguration;
			buildSettings = {
				ALWAYS_SEARCH_USER_PATHS = NO;
				ARCHS = "$(ARCHS_STANDARD_32_BIT)";
				CLANG_ENABLE_OBJC_ARC = YES;
				"CODE_SIGN_IDENTITY[sdk=iphoneos*]" = "iPhone Distribution: Shelley Barnes";
				COPY_PHASE_STRIP = YES;
				GCC_C_LANGUAGE_STANDARD = gnu99;
				GCC_VERSION = com.apple.compilers.llvm.clang.1_0;
				GCC_WARN_ABOUT_MISSING_PROTOTYPES = YES;
				GCC_WARN_ABOUT_RETURN_TYPE = YES;
				GCC_WARN_UNUSED_VARIABLE = YES;
				IPHONEOS_DEPLOYMENT_TARGET = 5.0;
				OTHER_CFLAGS = "-DNS_BLOCK_ASSERTIONS=1";
				"PROVISIONING_PROFILE[sdk=iphoneos*]" = "D332658E-C53C-4F4E-BD3F-B9E6694DC08C";
				SDKROOT = iphoneos;
				VALIDATE_PRODUCT = YES;
			};
			name = "Ad Hoc";
		};
		D9C6341C14C3763800145690 /* Ad Hoc */ = {
			isa = XCBuildConfiguration;
			buildSettings = {
				"CODE_SIGN_IDENTITY[sdk=iphoneos*]" = "iPhone Distribution: Shelley Barnes";
				FRAMEWORK_SEARCH_PATHS = (
					"$(inherited)",
					"\"$(DEVELOPER_FRAMEWORKS_DIR)\"",
				);
				GCC_PRECOMPILE_PREFIX_HEADER = YES;
				GCC_PREFIX_HEADER = "LaTables/CookieCounter-Prefix.pch";
				INFOPLIST_FILE = "LaTables/CookieCounter-Info.plist";
				IPHONEOS_DEPLOYMENT_TARGET = 5.0;
				PRODUCT_NAME = CookieCount;
				"PROVISIONING_PROFILE[sdk=iphoneos*]" = "5D32434B-DEC1-4A8D-AC5E-554CDA51E8B2";
				TARGETED_DEVICE_FAMILY = "1,2";
				WRAPPER_EXTENSION = app;
			};
			name = "Ad Hoc";
		};
		D9E37F461475D684001C711F /* Debug */ = {
			isa = XCBuildConfiguration;
			buildSettings = {
				ALWAYS_SEARCH_USER_PATHS = NO;
				ARCHS = "$(ARCHS_STANDARD_32_BIT)";
				CLANG_ENABLE_OBJC_ARC = YES;
				"CODE_SIGN_IDENTITY[sdk=iphoneos*]" = "iPhone Developer";
				COPY_PHASE_STRIP = NO;
				GCC_C_LANGUAGE_STANDARD = gnu99;
				GCC_DYNAMIC_NO_PIC = NO;
				GCC_OPTIMIZATION_LEVEL = 0;
				GCC_PREPROCESSOR_DEFINITIONS = (
					"DEBUG=1",
					"$(inherited)",
				);
				GCC_SYMBOLS_PRIVATE_EXTERN = NO;
				GCC_VERSION = com.apple.compilers.llvm.clang.1_0;
				GCC_WARN_ABOUT_MISSING_PROTOTYPES = YES;
				GCC_WARN_ABOUT_RETURN_TYPE = YES;
				GCC_WARN_UNUSED_VARIABLE = YES;
				IPHONEOS_DEPLOYMENT_TARGET = 5.0;
				SDKROOT = iphoneos;
			};
			name = Debug;
		};
		D9E37F471475D684001C711F /* Release */ = {
			isa = XCBuildConfiguration;
			buildSettings = {
				ALWAYS_SEARCH_USER_PATHS = NO;
				ARCHS = "$(ARCHS_STANDARD_32_BIT)";
				CLANG_ENABLE_OBJC_ARC = YES;
				"CODE_SIGN_IDENTITY[sdk=iphoneos*]" = "iPhone Developer";
				COPY_PHASE_STRIP = YES;
				GCC_C_LANGUAGE_STANDARD = gnu99;
				GCC_VERSION = com.apple.compilers.llvm.clang.1_0;
				GCC_WARN_ABOUT_MISSING_PROTOTYPES = YES;
				GCC_WARN_ABOUT_RETURN_TYPE = YES;
				GCC_WARN_UNUSED_VARIABLE = YES;
				IPHONEOS_DEPLOYMENT_TARGET = 5.0;
				OTHER_CFLAGS = "-DNS_BLOCK_ASSERTIONS=1";
				SDKROOT = iphoneos;
				VALIDATE_PRODUCT = YES;
			};
			name = Release;
		};
		D9E37F491475D684001C711F /* Debug */ = {
			isa = XCBuildConfiguration;
			buildSettings = {
				FRAMEWORK_SEARCH_PATHS = (
					"$(inherited)",
					"\"$(DEVELOPER_FRAMEWORKS_DIR)\"",
				);
				GCC_PRECOMPILE_PREFIX_HEADER = YES;
				GCC_PREFIX_HEADER = "LaTables/CookieCounter-Prefix.pch";
				INFOPLIST_FILE = "LaTables/CookieCounter-Info.plist";
				IPHONEOS_DEPLOYMENT_TARGET = 5.0;
				PRODUCT_NAME = CookieCount;
				TARGETED_DEVICE_FAMILY = "1,2";
				WRAPPER_EXTENSION = app;
			};
			name = Debug;
		};
		D9E37F4A1475D684001C711F /* Release */ = {
			isa = XCBuildConfiguration;
			buildSettings = {
				FRAMEWORK_SEARCH_PATHS = (
					"$(inherited)",
					"\"$(DEVELOPER_FRAMEWORKS_DIR)\"",
				);
				GCC_PRECOMPILE_PREFIX_HEADER = YES;
				GCC_PREFIX_HEADER = "LaTables/CookieCounter-Prefix.pch";
				INFOPLIST_FILE = "LaTables/CookieCounter-Info.plist";
				IPHONEOS_DEPLOYMENT_TARGET = 5.0;
				PRODUCT_NAME = CookieCount;
				TARGETED_DEVICE_FAMILY = "1,2";
				WRAPPER_EXTENSION = app;
			};
			name = Release;
		};
/* End XCBuildConfiguration section */

/* Begin XCConfigurationList section */
		D9E37F241475D684001C711F /* Build configuration list for PBXProject "CookieCounter" */ = {
			isa = XCConfigurationList;
			buildConfigurations = (
				D9E37F461475D684001C711F /* Debug */,
				D9E37F471475D684001C711F /* Release */,
				D9C6341B14C3763800145690 /* Ad Hoc */,
			);
			defaultConfigurationIsVisible = 0;
			defaultConfigurationName = Release;
		};
		D9E37F481475D684001C711F /* Build configuration list for PBXNativeTarget "CookieCounter" */ = {
			isa = XCConfigurationList;
			buildConfigurations = (
				D9E37F491475D684001C711F /* Debug */,
				D9E37F4A1475D684001C711F /* Release */,
				D9C6341C14C3763800145690 /* Ad Hoc */,
			);
			defaultConfigurationIsVisible = 0;
			defaultConfigurationName = Release;
		};
/* End XCConfigurationList section */
	};
	rootObject = D9E37F211475D684001C711F /* Project object */;
}
